{
  "name": "patching",
  "version": "0.1.0",
  "lockfileVersion": 2,
  "requires": true,
  "packages": {
    "": {
      "version": "0.1.0",
      "dependencies": {
        "@temporalio/client": "file:../../packages/client",
        "@temporalio/common": "file:../../packages/common",
        "@temporalio/proto": "file:../../packages/proto",
        "@temporalio/worker": "file:../../packages/worker",
        "@temporalio/workflow": "file:../../packages/workflow",
        "long": "^4.0.0",
        "ms": "^2.1.3",
        "protobufjs": "^6.10.2",
        "temporalio": "file:../../packages/meta"
      },
      "devDependencies": {
        "@tsconfig/node14": "^1.0.0",
        "typescript": "^4.2.2"
      }
    },
    "../../packages/client": {
      "name": "@temporalio/client",
      "version": "0.5.0",
      "license": "MIT",
      "dependencies": {
        "@grpc/grpc-js": "^1.3.1",
        "@temporalio/common": "file:../common",
        "@temporalio/proto": "file:../proto",
        "ms": "^2.1.3",
        "protobufjs": "^6.10.2",
        "uuid": "^8.3.2"
      }
    },
    "../../packages/common": {
      "name": "@temporalio/common",
      "version": "0.0.0",
      "license": "MIT",
      "dependencies": {
        "@temporalio/proto": "file:../proto",
        "ms": "^2.1.3"
      }
    },
    "../../packages/meta": {
      "name": "temporalio",
      "version": "0.3.0",
      "license": "MIT",
      "dependencies": {
        "@temporalio/client": "file:../client",
        "@temporalio/common": "file:../common",
        "@temporalio/proto": "file:../proto",
        "@temporalio/worker": "file:../worker",
        "@temporalio/workflow": "file:../workflow"
      },
      "engines": {
        "node": ">=14.0.0"
      }
    },
    "../../packages/proto": {
      "name": "@temporalio/proto",
      "version": "0.2.4",
      "license": "MIT",
      "dependencies": {
        "@temporalio/core-bridge": "file:../core-bridge",
        "@types/long": "^4.0.1",
        "long": "^4.0.0",
        "protobufjs": "^6.10.2"
      },
      "devDependencies": {
        "glob": "^7.1.6"
      }
    },
    "../../packages/worker": {
      "name": "@temporalio/worker",
      "version": "0.6.0",
      "hasInstallScript": true,
      "license": "MIT",
      "dependencies": {
        "@opentelemetry/api": "^0.20.0",
        "@temporalio/activity": "file:../activity",
        "@temporalio/common": "file:../common",
        "@temporalio/core-bridge": "file:../core-bridge",
        "@temporalio/proto": "file:../proto",
        "@temporalio/workflow": "file:../workflow",
        "abort-controller": "^3.0.0",
        "cargo-cp-artifact": "^0.1.4",
        "dedent": "^0.7.0",
        "fs-extra": "^9.0.1",
        "isolated-vm": "^4.3.3",
        "memfs": "^3.2.2",
        "ms": "^2.1.3",
        "nan": "^2.14.2",
        "protobufjs": "^6.10.2",
        "rxjs": "^6.6.3",
        "unionfs": "^4.4.0",
        "uuid": "^8.3.2",
        "webpack": "^5.36.2"
      }
    },
    "../../packages/workflow": {
      "name": "@temporalio/workflow",
      "version": "0.5.0",
      "license": "MIT",
      "dependencies": {
        "@temporalio/common": "file:../common",
        "@temporalio/proto": "file:../proto"
      }
    },
    "node_modules/@protobufjs/aspromise": {
      "version": "1.1.2",
      "resolved": "https://registry.npmjs.org/@protobufjs/aspromise/-/aspromise-1.1.2.tgz",
      "integrity": "sha1-m4sMxmPWaafY9vXQiToU00jzD78="
    },
    "node_modules/@protobufjs/base64": {
      "version": "1.1.2",
      "resolved": "https://registry.npmjs.org/@protobufjs/base64/-/base64-1.1.2.tgz",
      "integrity": "sha512-AZkcAA5vnN/v4PDqKyMR5lx7hZttPDgClv83E//FMNhR2TMcLUhfRUBHCmSl0oi9zMgDDqRUJkSxO3wm85+XLg=="
    },
    "node_modules/@protobufjs/codegen": {
      "version": "2.0.4",
      "resolved": "https://registry.npmjs.org/@protobufjs/codegen/-/codegen-2.0.4.tgz",
      "integrity": "sha512-YyFaikqM5sH0ziFZCN3xDC7zeGaB/d0IUb9CATugHWbd1FRFwWwt4ld4OYMPWu5a3Xe01mGAULCdqhMlPl29Jg=="
    },
    "node_modules/@protobufjs/eventemitter": {
      "version": "1.1.0",
      "resolved": "https://registry.npmjs.org/@protobufjs/eventemitter/-/eventemitter-1.1.0.tgz",
      "integrity": "sha1-NVy8mLr61ZePntCV85diHx0Ga3A="
    },
    "node_modules/@protobufjs/fetch": {
      "version": "1.1.0",
      "resolved": "https://registry.npmjs.org/@protobufjs/fetch/-/fetch-1.1.0.tgz",
      "integrity": "sha1-upn7WYYUr2VwDBYZ/wbUVLDYTEU=",
      "dependencies": {
        "@protobufjs/aspromise": "^1.1.1",
        "@protobufjs/inquire": "^1.1.0"
      }
    },
    "node_modules/@protobufjs/float": {
      "version": "1.0.2",
      "resolved": "https://registry.npmjs.org/@protobufjs/float/-/float-1.0.2.tgz",
      "integrity": "sha1-Xp4avctz/Ap8uLKR33jIy9l7h9E="
    },
    "node_modules/@protobufjs/inquire": {
      "version": "1.1.0",
      "resolved": "https://registry.npmjs.org/@protobufjs/inquire/-/inquire-1.1.0.tgz",
      "integrity": "sha1-/yAOPnzyQp4tyvwRQIKOjMY48Ik="
    },
    "node_modules/@protobufjs/path": {
      "version": "1.1.2",
      "resolved": "https://registry.npmjs.org/@protobufjs/path/-/path-1.1.2.tgz",
      "integrity": "sha1-bMKyDFya1q0NzP0hynZz2Nf79o0="
    },
    "node_modules/@protobufjs/pool": {
      "version": "1.1.0",
      "resolved": "https://registry.npmjs.org/@protobufjs/pool/-/pool-1.1.0.tgz",
      "integrity": "sha1-Cf0V8tbTq/qbZbw2ZQbWrXhG/1Q="
    },
    "node_modules/@protobufjs/utf8": {
      "version": "1.1.0",
      "resolved": "https://registry.npmjs.org/@protobufjs/utf8/-/utf8-1.1.0.tgz",
      "integrity": "sha1-p3c2C1s5oaLlEG+OhY8v0tBgxXA="
    },
    "node_modules/@temporalio/client": {
      "resolved": "../../packages/client",
      "link": true
    },
    "node_modules/@temporalio/common": {
      "resolved": "../../packages/common",
      "link": true
    },
    "node_modules/@temporalio/proto": {
      "resolved": "../../packages/proto",
      "link": true
    },
    "node_modules/@temporalio/worker": {
      "resolved": "../../packages/worker",
      "link": true
    },
    "node_modules/@temporalio/workflow": {
      "resolved": "../../packages/workflow",
      "link": true
    },
    "node_modules/@tsconfig/node14": {
      "version": "1.0.1",
      "dev": true,
      "license": "MIT"
    },
    "node_modules/@types/long": {
      "version": "4.0.1",
      "resolved": "https://registry.npmjs.org/@types/long/-/long-4.0.1.tgz",
      "integrity": "sha512-5tXH6Bx/kNGd3MgffdmP4dy2Z+G4eaXw0SE81Tq3BNadtnMR5/ySMzX4SLEzHJzSmPNn4HIdpQsBvXMUykr58w=="
    },
    "node_modules/@types/node": {
      "version": "16.6.1",
      "resolved": "https://registry.npmjs.org/@types/node/-/node-16.6.1.tgz",
      "integrity": "sha512-Sr7BhXEAer9xyGuCN3Ek9eg9xPviCF2gfu9kTfuU2HkTVAMYSDeX40fvpmo72n5nansg3nsBjuQBrsS28r+NUw=="
    },
    "node_modules/long": {
      "version": "4.0.0",
      "resolved": "https://registry.npmjs.org/long/-/long-4.0.0.tgz",
      "integrity": "sha512-XsP+KhQif4bjX1kbuSiySJFNAehNxgLb6hPRGJ9QsUr8ajHkuXGdrHmFUTUUXhDwVX2R5bY4JNZEwbUiMhV+MA=="
    },
    "node_modules/ms": {
      "version": "2.1.3",
      "resolved": "https://registry.npmjs.org/ms/-/ms-2.1.3.tgz",
      "integrity": "sha512-6FlzubTLZG3J2a/NVCAleEhjzq5oxgHyaCU9yYXvcLsvoVaHJq/s5xXI6/XXP6tz7R9xAOtHnSO/tXtF3WRTlA=="
    },
    "node_modules/protobufjs": {
      "version": "6.11.2",
      "resolved": "https://registry.npmjs.org/protobufjs/-/protobufjs-6.11.2.tgz",
      "integrity": "sha512-4BQJoPooKJl2G9j3XftkIXjoC9C0Av2NOrWmbLWT1vH32GcSUHjM0Arra6UfTsVyfMAuFzaLucXn1sadxJydAw==",
      "hasInstallScript": true,
      "dependencies": {
        "@protobufjs/aspromise": "^1.1.2",
        "@protobufjs/base64": "^1.1.2",
        "@protobufjs/codegen": "^2.0.4",
        "@protobufjs/eventemitter": "^1.1.0",
        "@protobufjs/fetch": "^1.1.0",
        "@protobufjs/float": "^1.0.2",
        "@protobufjs/inquire": "^1.1.0",
        "@protobufjs/path": "^1.1.2",
        "@protobufjs/pool": "^1.1.0",
        "@protobufjs/utf8": "^1.1.0",
        "@types/long": "^4.0.1",
        "@types/node": ">=13.7.0",
        "long": "^4.0.0"
      },
      "bin": {
        "pbjs": "bin/pbjs",
        "pbts": "bin/pbts"
      }
    },
    "node_modules/temporalio": {
      "resolved": "../../packages/meta",
      "link": true
    },
    "node_modules/typescript": {
      "version": "4.3.5",
      "dev": true,
      "license": "Apache-2.0",
      "bin": {
        "tsc": "bin/tsc",
        "tsserver": "bin/tsserver"
      },
      "engines": {
        "node": ">=4.2.0"
      }
    }
  },
  "dependencies": {
    "@protobufjs/aspromise": {
      "version": "1.1.2",
      "resolved": "https://registry.npmjs.org/@protobufjs/aspromise/-/aspromise-1.1.2.tgz",
      "integrity": "sha1-m4sMxmPWaafY9vXQiToU00jzD78="
    },
    "@protobufjs/base64": {
      "version": "1.1.2",
      "resolved": "https://registry.npmjs.org/@protobufjs/base64/-/base64-1.1.2.tgz",
      "integrity": "sha512-AZkcAA5vnN/v4PDqKyMR5lx7hZttPDgClv83E//FMNhR2TMcLUhfRUBHCmSl0oi9zMgDDqRUJkSxO3wm85+XLg=="
    },
    "@protobufjs/codegen": {
      "version": "2.0.4",
      "resolved": "https://registry.npmjs.org/@protobufjs/codegen/-/codegen-2.0.4.tgz",
      "integrity": "sha512-YyFaikqM5sH0ziFZCN3xDC7zeGaB/d0IUb9CATugHWbd1FRFwWwt4ld4OYMPWu5a3Xe01mGAULCdqhMlPl29Jg=="
    },
    "@protobufjs/eventemitter": {
      "version": "1.1.0",
      "resolved": "https://registry.npmjs.org/@protobufjs/eventemitter/-/eventemitter-1.1.0.tgz",
      "integrity": "sha1-NVy8mLr61ZePntCV85diHx0Ga3A="
    },
    "@protobufjs/fetch": {
      "version": "1.1.0",
      "resolved": "https://registry.npmjs.org/@protobufjs/fetch/-/fetch-1.1.0.tgz",
      "integrity": "sha1-upn7WYYUr2VwDBYZ/wbUVLDYTEU=",
      "requires": {
        "@protobufjs/aspromise": "^1.1.1",
        "@protobufjs/inquire": "^1.1.0"
      }
    },
    "@protobufjs/float": {
      "version": "1.0.2",
      "resolved": "https://registry.npmjs.org/@protobufjs/float/-/float-1.0.2.tgz",
      "integrity": "sha1-Xp4avctz/Ap8uLKR33jIy9l7h9E="
    },
    "@protobufjs/inquire": {
      "version": "1.1.0",
      "resolved": "https://registry.npmjs.org/@protobufjs/inquire/-/inquire-1.1.0.tgz",
      "integrity": "sha1-/yAOPnzyQp4tyvwRQIKOjMY48Ik="
    },
    "@protobufjs/path": {
      "version": "1.1.2",
      "resolved": "https://registry.npmjs.org/@protobufjs/path/-/path-1.1.2.tgz",
      "integrity": "sha1-bMKyDFya1q0NzP0hynZz2Nf79o0="
    },
    "@protobufjs/pool": {
      "version": "1.1.0",
      "resolved": "https://registry.npmjs.org/@protobufjs/pool/-/pool-1.1.0.tgz",
      "integrity": "sha1-Cf0V8tbTq/qbZbw2ZQbWrXhG/1Q="
    },
    "@protobufjs/utf8": {
      "version": "1.1.0",
      "resolved": "https://registry.npmjs.org/@protobufjs/utf8/-/utf8-1.1.0.tgz",
      "integrity": "sha1-p3c2C1s5oaLlEG+OhY8v0tBgxXA="
    },
    "@temporalio/client": {
      "version": "file:../../packages/client",
      "requires": {
        "@grpc/grpc-js": "^1.3.1",
        "@temporalio/common": "file:../common",
        "@temporalio/proto": "file:../proto",
        "ms": "^2.1.3",
        "protobufjs": "^6.10.2",
        "uuid": "^8.3.2"
      }
    },
    "@temporalio/common": {
      "version": "file:../../packages/common",
      "requires": {
        "@temporalio/proto": "file:../proto",
        "ms": "^2.1.3"
      }
    },
    "@temporalio/proto": {
      "version": "file:../../packages/proto",
      "requires": {
        "@temporalio/core-bridge": "file:../core-bridge",
        "@types/long": "^4.0.1",
        "glob": "^7.1.6",
        "long": "^4.0.0",
        "protobufjs": "^6.10.2"
      }
    },
    "@temporalio/worker": {
      "version": "file:../../packages/worker",
      "requires": {
        "@opentelemetry/api": "^0.20.0",
        "@temporalio/activity": "file:../activity",
        "@temporalio/common": "file:../common",
        "@temporalio/core-bridge": "file:../core-bridge",
        "@temporalio/proto": "file:../proto",
        "@temporalio/workflow": "file:../workflow",
        "abort-controller": "^3.0.0",
        "cargo-cp-artifact": "^0.1.4",
        "dedent": "^0.7.0",
        "fs-extra": "^9.0.1",
        "isolated-vm": "^4.3.3",
        "memfs": "^3.2.2",
        "ms": "^2.1.3",
        "nan": "^2.14.2",
        "protobufjs": "^6.10.2",
        "rxjs": "^6.6.3",
        "unionfs": "^4.4.0",
        "uuid": "^8.3.2",
        "webpack": "^5.36.2"
      }
    },
    "@temporalio/workflow": {
      "version": "file:../../packages/workflow",
      "requires": {
        "@temporalio/common": "file:../common",
        "@temporalio/proto": "file:../proto"
      }
    },
    "@tsconfig/node14": {
      "version": "1.0.1",
      "dev": true
    },
    "@types/long": {
      "version": "4.0.1",
      "resolved": "https://registry.npmjs.org/@types/long/-/long-4.0.1.tgz",
      "integrity": "sha512-5tXH6Bx/kNGd3MgffdmP4dy2Z+G4eaXw0SE81Tq3BNadtnMR5/ySMzX4SLEzHJzSmPNn4HIdpQsBvXMUykr58w=="
    },
    "@types/node": {
      "version": "16.6.1",
      "resolved": "https://registry.npmjs.org/@types/node/-/node-16.6.1.tgz",
      "integrity": "sha512-Sr7BhXEAer9xyGuCN3Ek9eg9xPviCF2gfu9kTfuU2HkTVAMYSDeX40fvpmo72n5nansg3nsBjuQBrsS28r+NUw=="
    },
    "long": {
      "version": "4.0.0",
      "resolved": "https://registry.npmjs.org/long/-/long-4.0.0.tgz",
      "integrity": "sha512-XsP+KhQif4bjX1kbuSiySJFNAehNxgLb6hPRGJ9QsUr8ajHkuXGdrHmFUTUUXhDwVX2R5bY4JNZEwbUiMhV+MA=="
    },
    "ms": {
      "version": "2.1.3",
      "resolved": "https://registry.npmjs.org/ms/-/ms-2.1.3.tgz",
      "integrity": "sha512-6FlzubTLZG3J2a/NVCAleEhjzq5oxgHyaCU9yYXvcLsvoVaHJq/s5xXI6/XXP6tz7R9xAOtHnSO/tXtF3WRTlA=="
    },
    "protobufjs": {
      "version": "6.11.2",
      "resolved": "https://registry.npmjs.org/protobufjs/-/protobufjs-6.11.2.tgz",
      "integrity": "sha512-4BQJoPooKJl2G9j3XftkIXjoC9C0Av2NOrWmbLWT1vH32GcSUHjM0Arra6UfTsVyfMAuFzaLucXn1sadxJydAw==",
      "requires": {
        "@protobufjs/aspromise": "^1.1.2",
        "@protobufjs/base64": "^1.1.2",
        "@protobufjs/codegen": "^2.0.4",
        "@protobufjs/eventemitter": "^1.1.0",
        "@protobufjs/fetch": "^1.1.0",
        "@protobufjs/float": "^1.0.2",
        "@protobufjs/inquire": "^1.1.0",
        "@protobufjs/path": "^1.1.2",
        "@protobufjs/pool": "^1.1.0",
        "@protobufjs/utf8": "^1.1.0",
        "@types/long": "^4.0.1",
        "@types/node": ">=13.7.0",
        "long": "^4.0.0"
      }
    },
    "temporalio": {
      "version": "file:../../packages/meta",
      "requires": {
        "@temporalio/client": "file:../client",
        "@temporalio/common": "file:../common",
        "@temporalio/proto": "file:../proto",
        "@temporalio/worker": "file:../worker",
        "@temporalio/workflow": "file:../workflow"
      }
    },
    "typescript": {
      "version": "4.3.5",
      "dev": true
    }
  }
}
